
Microsoft Visual Studio Solution File, Format Version 12.00
# Visual Studio Version 17
VisualStudioVersion = 17.0.31903.59
MinimumVisualStudioVersion = 10.0.40219.1
Project("{FAE04EC0-301F-11D3-BF4B-00C04F79EFBC}") = "TodosWebApp.Web", "TodosWebApp.Web\TodosWebApp.Web.csproj", "{59C35DDA-CFFA-4A6F-AEEF-CB4611973632}"
EndProject
Project("{FAE04EC0-301F-11D3-BF4B-00C04F79EFBC}") = "TodosWebApp.DataAccess", "TodosWebApp.DataAccess\TodosWebApp.DataAccess.csproj", "{E51542FE-95D2-4983-9CE9-483B5311A18B}"
EndProject
Project("{FAE04EC0-301F-11D3-BF4B-00C04F79EFBC}") = "TodosWebApp.BusinessLogic", "TodosWebApp.BusinessLogic\TodosWebApp.BusinessLogic.csproj", "{F69F41DD-47AD-4CEF-81EC-7DB1E7EE230D}"
EndProject
Global
	GlobalSection(SolutionConfigurationPlatforms) = preSolution
		Debug|Any CPU = Debug|Any CPU
		Release|Any CPU = Release|Any CPU
	EndGlobalSection
	GlobalSection(SolutionProperties) = preSolution
		HideSolutionNode = FALSE
	EndGlobalSection
	GlobalSection(ProjectConfigurationPlatforms) = postSolution
		{59C35DDA-CFFA-4A6F-AEEF-CB4611973632}.Debug|Any CPU.ActiveCfg = Debug|Any CPU
		{59C35DDA-CFFA-4A6F-AEEF-CB4611973632}.Debug|Any CPU.Build.0 = Debug|Any CPU
		{59C35DDA-CFFA-4A6F-AEEF-CB4611973632}.Release|Any CPU.ActiveCfg = Release|Any CPU
		{59C35DDA-CFFA-4A6F-AEEF-CB4611973632}.Release|Any CPU.Build.0 = Release|Any CPU
		{E51542FE-95D2-4983-9CE9-483B5311A18B}.Debug|Any CPU.ActiveCfg = Debug|Any CPU
		{E51542FE-95D2-4983-9CE9-483B5311A18B}.Debug|Any CPU.Build.0 = Debug|Any CPU
		{E51542FE-95D2-4983-9CE9-483B5311A18B}.Release|Any CPU.ActiveCfg = Release|Any CPU
		{E51542FE-95D2-4983-9CE9-483B5311A18B}.Release|Any CPU.Build.0 = Release|Any CPU
		{F69F41DD-47AD-4CEF-81EC-7DB1E7EE230D}.Debug|Any CPU.ActiveCfg = Debug|Any CPU
		{F69F41DD-47AD-4CEF-81EC-7DB1E7EE230D}.Debug|Any CPU.Build.0 = Debug|Any CPU
		{F69F41DD-47AD-4CEF-81EC-7DB1E7EE230D}.Release|Any CPU.ActiveCfg = Release|Any CPU
		{F69F41DD-47AD-4CEF-81EC-7DB1E7EE230D}.Release|Any CPU.Build.0 = Release|Any CPU
	EndGlobalSection
EndGlobal
